
Microsoft Visual Studio Solution File, Format Version 12.00
# Visual Studio 15
Project("{FAE04EC0-301F-11D3-BF4B-00C04F79EFBC}") = "ValidationsXFSample.Android", "ValidationsXFSample.Android\ValidationsXFSample.Android.csproj", "{2B7858DE-336E-4D69-BBD9-666E199CD9AF}"
EndProject
Project("{FAE04EC0-301F-11D3-BF4B-00C04F79EFBC}") = "ValidationsXFSample.iOS", "ValidationsXFSample.iOS\ValidationsXFSample.iOS.csproj", "{4674317C-D11C-4208-80F6-B10FBB2D3D17}"
EndProject
Project("{FAE04EC0-301F-11D3-BF4B-00C04F79EFBC}") = "ValidationsXFSample", "ValidationsXFSample\ValidationsXFSample.csproj", "{B58F76F2-5EBE-4684-B141-24AFB78F84DF}"
EndProject
Global
	GlobalSection(SolutionConfigurationPlatforms) = preSolution
		Debug|Any CPU = Debug|Any CPU
		Release|Any CPU = Release|Any CPU
		Debug|iPhoneSimulator = Debug|iPhoneSimulator
		Release|iPhoneSimulator = Release|iPhoneSimulator
		Debug|iPhone = Debug|iPhone
		Release|iPhone = Release|iPhone
	EndGlobalSection
	GlobalSection(ProjectConfigurationPlatforms) = postSolution
		{2B7858DE-336E-4D69-BBD9-666E199CD9AF}.Debug|Any CPU.ActiveCfg = Debug|Any CPU
		{2B7858DE-336E-4D69-BBD9-666E199CD9AF}.Debug|Any CPU.Build.0 = Debug|Any CPU
		{2B7858DE-336E-4D69-BBD9-666E199CD9AF}.Release|Any CPU.ActiveCfg = Release|Any CPU
		{2B7858DE-336E-4D69-BBD9-666E199CD9AF}.Release|Any CPU.Build.0 = Release|Any CPU
		{2B7858DE-336E-4D69-BBD9-666E199CD9AF}.Debug|iPhoneSimulator.ActiveCfg = Debug|Any CPU
		{2B7858DE-336E-4D69-BBD9-666E199CD9AF}.Debug|iPhoneSimulator.Build.0 = Debug|Any CPU
		{2B7858DE-336E-4D69-BBD9-666E199CD9AF}.Release|iPhoneSimulator.ActiveCfg = Release|Any CPU
		{2B7858DE-336E-4D69-BBD9-666E199CD9AF}.Release|iPhoneSimulator.Build.0 = Release|Any CPU
		{2B7858DE-336E-4D69-BBD9-666E199CD9AF}.Debug|iPhone.ActiveCfg = Debug|Any CPU
		{2B7858DE-336E-4D69-BBD9-666E199CD9AF}.Debug|iPhone.Build.0 = Debug|Any CPU
		{2B7858DE-336E-4D69-BBD9-666E199CD9AF}.Release|iPhone.ActiveCfg = Release|Any CPU
		{2B7858DE-336E-4D69-BBD9-666E199CD9AF}.Release|iPhone.Build.0 = Release|Any CPU
		{4674317C-D11C-4208-80F6-B10FBB2D3D17}.Debug|Any CPU.ActiveCfg = Debug|iPhoneSimulator
		{4674317C-D11C-4208-80F6-B10FBB2D3D17}.Debug|Any CPU.Build.0 = Debug|iPhoneSimulator
		{4674317C-D11C-4208-80F6-B10FBB2D3D17}.Release|Any CPU.ActiveCfg = Release|iPhoneSimulator
		{4674317C-D11C-4208-80F6-B10FBB2D3D17}.Release|Any CPU.Build.0 = Release|iPhoneSimulator
		{4674317C-D11C-4208-80F6-B10FBB2D3D17}.Debug|iPhoneSimulator.ActiveCfg = Debug|iPhoneSimulator
		{4674317C-D11C-4208-80F6-B10FBB2D3D17}.Debug|iPhoneSimulator.Build.0 = Debug|iPhoneSimulator
		{4674317C-D11C-4208-80F6-B10FBB2D3D17}.Release|iPhoneSimulator.ActiveCfg = Release|iPhoneSimulator
		{4674317C-D11C-4208-80F6-B10FBB2D3D17}.Release|iPhoneSimulator.Build.0 = Release|iPhoneSimulator
		{4674317C-D11C-4208-80F6-B10FBB2D3D17}.Debug|iPhone.ActiveCfg = Debug|iPhone
		{4674317C-D11C-4208-80F6-B10FBB2D3D17}.Debug|iPhone.Build.0 = Debug|iPhone
		{4674317C-D11C-4208-80F6-B10FBB2D3D17}.Release|iPhone.ActiveCfg = Release|iPhone
		{4674317C-D11C-4208-80F6-B10FBB2D3D17}.Release|iPhone.Build.0 = Release|iPhone
		{B58F76F2-5EBE-4684-B141-24AFB78F84DF}.Debug|Any CPU.ActiveCfg = Debug|Any CPU
		{B58F76F2-5EBE-4684-B141-24AFB78F84DF}.Debug|Any CPU.Build.0 = Debug|Any CPU
		{B58F76F2-5EBE-4684-B141-24AFB78F84DF}.Release|Any CPU.ActiveCfg = Release|Any CPU
		{B58F76F2-5EBE-4684-B141-24AFB78F84DF}.Release|Any CPU.Build.0 = Release|Any CPU
		{B58F76F2-5EBE-4684-B141-24AFB78F84DF}.Debug|iPhoneSimulator.ActiveCfg = Debug|Any CPU
		{B58F76F2-5EBE-4684-B141-24AFB78F84DF}.Debug|iPhoneSimulator.Build.0 = Debug|Any CPU
		{B58F76F2-5EBE-4684-B141-24AFB78F84DF}.Release|iPhoneSimulator.ActiveCfg = Release|Any CPU
		{B58F76F2-5EBE-4684-B141-24AFB78F84DF}.Release|iPhoneSimulator.Build.0 = Release|Any CPU
		{B58F76F2-5EBE-4684-B141-24AFB78F84DF}.Debug|iPhone.ActiveCfg = Debug|Any CPU
		{B58F76F2-5EBE-4684-B141-24AFB78F84DF}.Debug|iPhone.Build.0 = Debug|Any CPU
		{B58F76F2-5EBE-4684-B141-24AFB78F84DF}.Release|iPhone.ActiveCfg = Release|Any CPU
		{B58F76F2-5EBE-4684-B141-24AFB78F84DF}.Release|iPhone.Build.0 = Release|Any CPU
	EndGlobalSection
EndGlobal
